
Microsoft Visual Studio Solution File, Format Version 12.00
# Visual Studio Version 16
VisualStudioVersion = 16.0.29025.244
MinimumVisualStudioVersion = 10.0.40219.1
Project("{FAE04EC0-301F-11D3-BF4B-00C04F79EFBC}") = "webapp", "webapp.csproj", "{9070EA22-CEBB-4843-8A7A-07039A6170B5}"
EndProject
Global
	GlobalSection(SolutionConfigurationPlatforms) = preSolution
		Debug|Any CPU = Debug|Any CPU
		Release|Any CPU = Release|Any CPU
	EndGlobalSection
	GlobalSection(ProjectConfigurationPlatforms) = postSolution
		{9070EA22-CEBB-4843-8A7A-07039A6170B5}.Debug|Any CPU.ActiveCfg = Debug|Any CPU
		{9070EA22-CEBB-4843-8A7A-07039A6170B5}.Debug|Any CPU.Build.0 = Debug|Any CPU
		{9070EA22-CEBB-4843-8A7A-07039A6170B5}.Release|Any CPU.ActiveCfg = Release|Any CPU
		{9070EA22-CEBB-4843-8A7A-07039A6170B5}.Release|Any CPU.Build.0 = Release|Any CPU
	EndGlobalSection
	GlobalSection(SolutionProperties) = preSolution
		HideSolutionNode = FALSE
	EndGlobalSection
	GlobalSection(ExtensibilityGlobals) = postSolution
		SolutionGuid = {C86EF46D-C920-4145-9967-2F430CE711F0}
	EndGlobalSection
EndGlobal
